
Microsoft Visual Studio Solution File, Format Version 12.00
# Visual Studio Version 16
VisualStudioVersion = 25.0.1703.5
MinimumVisualStudioVersion = 10.0.40219.1
Project("{FAE04EC0-301F-11D3-BF4B-00C04F79EFBC}") = "Lab3", "Lab3.csproj", "{59702430-DD85-4AF0-9BD3-E37076A53DD6}"
EndProject
Global
	GlobalSection(SolutionConfigurationPlatforms) = preSolution
		Debug|Any CPU = Debug|Any CPU
		Release|Any CPU = Release|Any CPU
	EndGlobalSection
	GlobalSection(ProjectConfigurationPlatforms) = postSolution
		{59702430-DD85-4AF0-9BD3-E37076A53DD6}.Debug|Any CPU.ActiveCfg = Debug|Any CPU
		{59702430-DD85-4AF0-9BD3-E37076A53DD6}.Debug|Any CPU.Build.0 = Debug|Any CPU
		{59702430-DD85-4AF0-9BD3-E37076A53DD6}.Release|Any CPU.ActiveCfg = Release|Any CPU
		{59702430-DD85-4AF0-9BD3-E37076A53DD6}.Release|Any CPU.Build.0 = Release|Any CPU
	EndGlobalSection
	GlobalSection(SolutionProperties) = preSolution
		HideSolutionNode = FALSE
	EndGlobalSection
	GlobalSection(ExtensibilityGlobals) = postSolution
		SolutionGuid = {A4234A67-F0AB-4326-8AFC-134E6F471530}
	EndGlobalSection
EndGlobal
